Microsoft Visual Studio Solution File, Format Version 12.00
# Visual Studio Version 17
VisualStudioVersion = 17.0.0.0
MinimumVisualStudioVersion = 10.0.40219.1
Project("{9A19103F-16F7-4668-BE54-9A1E7A4F7556}") = "Arrow.Core", "src\Arrow.Core\Arrow.Core.csproj", "{8D6E4A3F-9C44-4A8C-8B66-1E5F8C7A1234}"
EndProject
Project("{9A19103F-16F7-4668-BE54-9A1E7A4F7556}") = "Arrow.Wpf", "src\Arrow.Wpf\Arrow.Wpf.csproj", "{1B2C3D4E-5F67-4890-A1B2-C3D4E5F60001}"
EndProject
Global
	GlobalSection(SolutionConfigurationPlatforms) = preSolution
		Debug|Any CPU = Debug|Any CPU
		Release|Any CPU = Release|Any CPU
	EndGlobalSection
	GlobalSection(ProjectConfigurationPlatforms) = postSolution
		{8D6E4A3F-9C44-4A8C-8B66-1E5F8C7A1234}.Debug|Any CPU.ActiveCfg = Debug|Any CPU
		{8D6E4A3F-9C44-4A8C-8B66-1E5F8C7A1234}.Debug|Any CPU.Build.0 = Debug|Any CPU
		{8D6E4A3F-9C44-4A8C-8B66-1E5F8C7A1234}.Release|Any CPU.ActiveCfg = Release|Any CPU
		{8D6E4A3F-9C44-4A8C-8B66-1E5F8C7A1234}.Release|Any CPU.Build.0 = Release|Any CPU
		{1B2C3D4E-5F67-4890-A1B2-C3D4E5F60001}.Debug|Any CPU.ActiveCfg = Debug|Any CPU
		{1B2C3D4E-5F67-4890-A1B2-C3D4E5F60001}.Debug|Any CPU.Build.0 = Debug|Any CPU
		{1B2C3D4E-5F67-4890-A1B2-C3D4E5F60001}.Release|Any CPU.ActiveCfg = Release|Any CPU
		{1B2C3D4E-5F67-4890-A1B2-C3D4E5F60001}.Release|Any CPU.Build.0 = Release|Any CPU
	EndGlobalSection
EndGlobal
